
Microsoft Visual Studio Solution File, Format Version 12.00
# Visual Studio Version 17
VisualStudioVersion = 17.4.33205.214
MinimumVisualStudioVersion = 10.0.40219.1
Project("{FAE04EC0-301F-11D3-BF4B-00C04F79EFBC}") = "Bài 2Lab1", "Bài 2Lab1\Bài 2Lab1.csproj", "{933257CF-7CC5-40FF-AB84-D09E6DC9C99D}"
EndProject
Global
	GlobalSection(SolutionConfigurationPlatforms) = preSolution
		Debug|Any CPU = Debug|Any CPU
		Release|Any CPU = Release|Any CPU
	EndGlobalSection
	GlobalSection(ProjectConfigurationPlatforms) = postSolution
		{933257CF-7CC5-40FF-AB84-D09E6DC9C99D}.Debug|Any CPU.ActiveCfg = Debug|Any CPU
		{933257CF-7CC5-40FF-AB84-D09E6DC9C99D}.Debug|Any CPU.Build.0 = Debug|Any CPU
		{933257CF-7CC5-40FF-AB84-D09E6DC9C99D}.Release|Any CPU.ActiveCfg = Release|Any CPU
		{933257CF-7CC5-40FF-AB84-D09E6DC9C99D}.Release|Any CPU.Build.0 = Release|Any CPU
	EndGlobalSection
	GlobalSection(SolutionProperties) = preSolution
		HideSolutionNode = FALSE
	EndGlobalSection
	GlobalSection(ExtensibilityGlobals) = postSolution
		SolutionGuid = {3BA41674-DF29-450C-AE86-28BED2646E81}
	EndGlobalSection
EndGlobal
